
Microsoft Visual Studio Solution File, Format Version 12.00
# Visual Studio Version 17
VisualStudioVersion = 17.6.33829.357
MinimumVisualStudioVersion = 10.0.40219.1
Project("{9A19103F-16F7-4668-BE54-9A1E7A4F7556}") = "Labolatorium_1", "Labolatorium_1\Labolatorium_1.csproj", "{C127A3F1-0FF7-4435-8F1B-029E86968B63}"
EndProject
Project("{9A19103F-16F7-4668-BE54-9A1E7A4F7556}") = "Labolatorium_2", "Labolatorium_2\Labolatorium_2.csproj", "{D595303B-6327-4195-83A9-FFD5F4428817}"
EndProject
Project("{9A19103F-16F7-4668-BE54-9A1E7A4F7556}") = "Labolatorium_3", "Labolatorium_3\Labolatorium_3.csproj", "{90968DE4-5A02-4F38-9E94-4C52767C5E61}"
EndProject
Project("{9A19103F-16F7-4668-BE54-9A1E7A4F7556}") = "Labolatorium_5_EF", "Labolatorium_5_EF\Labolatorium_5_EF.csproj", "{ABA69458-7D50-479D-80F8-93DE65901A11}"
EndProject
Project("{9A19103F-16F7-4668-BE54-9A1E7A4F7556}") = "Data", "Data\Data.csproj", "{4F6FD938-87DD-4588-A777-0FAD361866D3}"
EndProject
Project("{FAE04EC0-301F-11D3-BF4B-00C04F79EFBC}") = "Labolatorium9_test", "Labolatorium9_test\Labolatorium9_test.csproj", "{03A5BAA6-FFF3-4B0F-8672-0048B7517169}"
EndProject
Global
	GlobalSection(SolutionConfigurationPlatforms) = preSolution
		Debug|Any CPU = Debug|Any CPU
		Release|Any CPU = Release|Any CPU
	EndGlobalSection
	GlobalSection(ProjectConfigurationPlatforms) = postSolution
		{C127A3F1-0FF7-4435-8F1B-029E86968B63}.Debug|Any CPU.ActiveCfg = Debug|Any CPU
		{C127A3F1-0FF7-4435-8F1B-029E86968B63}.Debug|Any CPU.Build.0 = Debug|Any CPU
		{C127A3F1-0FF7-4435-8F1B-029E86968B63}.Release|Any CPU.ActiveCfg = Release|Any CPU
		{C127A3F1-0FF7-4435-8F1B-029E86968B63}.Release|Any CPU.Build.0 = Release|Any CPU
		{D595303B-6327-4195-83A9-FFD5F4428817}.Debug|Any CPU.ActiveCfg = Debug|Any CPU
		{D595303B-6327-4195-83A9-FFD5F4428817}.Debug|Any CPU.Build.0 = Debug|Any CPU
		{D595303B-6327-4195-83A9-FFD5F4428817}.Release|Any CPU.ActiveCfg = Release|Any CPU
		{D595303B-6327-4195-83A9-FFD5F4428817}.Release|Any CPU.Build.0 = Release|Any CPU
		{90968DE4-5A02-4F38-9E94-4C52767C5E61}.Debug|Any CPU.ActiveCfg = Debug|Any CPU
		{90968DE4-5A02-4F38-9E94-4C52767C5E61}.Debug|Any CPU.Build.0 = Debug|Any CPU
		{90968DE4-5A02-4F38-9E94-4C52767C5E61}.Release|Any CPU.ActiveCfg = Release|Any CPU
		{90968DE4-5A02-4F38-9E94-4C52767C5E61}.Release|Any CPU.Build.0 = Release|Any CPU
		{ABA69458-7D50-479D-80F8-93DE65901A11}.Debug|Any CPU.ActiveCfg = Debug|Any CPU
		{ABA69458-7D50-479D-80F8-93DE65901A11}.Debug|Any CPU.Build.0 = Debug|Any CPU
		{ABA69458-7D50-479D-80F8-93DE65901A11}.Release|Any CPU.ActiveCfg = Release|Any CPU
		{ABA69458-7D50-479D-80F8-93DE65901A11}.Release|Any CPU.Build.0 = Release|Any CPU
		{4F6FD938-87DD-4588-A777-0FAD361866D3}.Debug|Any CPU.ActiveCfg = Debug|Any CPU
		{4F6FD938-87DD-4588-A777-0FAD361866D3}.Debug|Any CPU.Build.0 = Debug|Any CPU
		{4F6FD938-87DD-4588-A777-0FAD361866D3}.Release|Any CPU.ActiveCfg = Release|Any CPU
		{4F6FD938-87DD-4588-A777-0FAD361866D3}.Release|Any CPU.Build.0 = Release|Any CPU
		{03A5BAA6-FFF3-4B0F-8672-0048B7517169}.Debug|Any CPU.ActiveCfg = Debug|Any CPU
		{03A5BAA6-FFF3-4B0F-8672-0048B7517169}.Debug|Any CPU.Build.0 = Debug|Any CPU
		{03A5BAA6-FFF3-4B0F-8672-0048B7517169}.Release|Any CPU.ActiveCfg = Release|Any CPU
		{03A5BAA6-FFF3-4B0F-8672-0048B7517169}.Release|Any CPU.Build.0 = Release|Any CPU
	EndGlobalSection
	GlobalSection(SolutionProperties) = preSolution
		HideSolutionNode = FALSE
	EndGlobalSection
	GlobalSection(ExtensibilityGlobals) = postSolution
		SolutionGuid = {B18DE427-973C-44D7-A64F-FA035CF17709}
	EndGlobalSection
EndGlobal
